PODS:
  - Alamofire (4.5.1)
  - AsyncSwift (2.0.4)
  - HexColors (6.0.0)
  - KeychainAccess (3.1.1)
  - SwiftyJSON (4.0.0)

DEPENDENCIES:
  - Alamofire (~> 4.5.1)
  - AsyncSwift (~> 2.0.4)
  - HexColors
  - KeychainAccess (~> 3.1.1)
  - SwiftyJSON (~> 4.0.0)

SPEC CHECKSUMS:
  Alamofire: 2d95912bf4c34f164fdfc335872e8c312acaea4a
  AsyncSwift: 65775a7b32e740609b24969ece3de58723b9dc3e
  HexColors: f8c66339541a74bb08905bfe7cd4f8cc85e9e173
  KeychainAccess: 7bd430028059754a3debab3cfc0bd1fc7fb85df3
  SwiftyJSON: 070dabdcb1beb81b247c65ffa3a79dbbfb3b48aa

PODFILE CHECKSUM: 862d6242a1c53ca4145648b3c38f37ee213dd24b

COCOAPODS: 1.4.0
